
Microsoft Visual Studio Solution File, Format Version 12.00
# Visual Studio Version 16
VisualStudioVersion = 16.0.29209.62
MinimumVisualStudioVersion = 10.0.40219.1
Project("{9A19103F-16F7-4668-BE54-9A1E7A4F7556}") = "StocksheetUpdater", "StocksheetUpdater\StocksheetUpdater.csproj", "{6CDBD066-AE90-4D8D-A330-2C69E7C49E02}"
EndProject
Project("{FAE04EC0-301F-11D3-BF4B-00C04F79EFBC}") = "Borsdata.Api.Dal", "Borsdata.Api.Dal\Borsdata.Api.Dal.csproj", "{2A790AF0-B68B-47D4-89ED-5011E1549B7D}"
EndProject
Project("{FAE04EC0-301F-11D3-BF4B-00C04F79EFBC}") = "Borsdata.Api.CSharpClient", "Borsdata.Api.CSharpClient\Borsdata.Api.CSharpClient.csproj", "{6740C2DE-2476-44DF-80E1-171A92197D60}"
EndProject
Global
	GlobalSection(SolutionConfigurationPlatforms) = preSolution
		Debug|Any CPU = Debug|Any CPU
		Release|Any CPU = Release|Any CPU
	EndGlobalSection
	GlobalSection(ProjectConfigurationPlatforms) = postSolution
		{6CDBD066-AE90-4D8D-A330-2C69E7C49E02}.Debug|Any CPU.ActiveCfg = Debug|Any CPU
		{6CDBD066-AE90-4D8D-A330-2C69E7C49E02}.Debug|Any CPU.Build.0 = Debug|Any CPU
		{6CDBD066-AE90-4D8D-A330-2C69E7C49E02}.Release|Any CPU.ActiveCfg = Release|Any CPU
		{6CDBD066-AE90-4D8D-A330-2C69E7C49E02}.Release|Any CPU.Build.0 = Release|Any CPU
		{2A790AF0-B68B-47D4-89ED-5011E1549B7D}.Debug|Any CPU.ActiveCfg = Debug|Any CPU
		{2A790AF0-B68B-47D4-89ED-5011E1549B7D}.Debug|Any CPU.Build.0 = Debug|Any CPU
		{2A790AF0-B68B-47D4-89ED-5011E1549B7D}.Release|Any CPU.ActiveCfg = Release|Any CPU
		{2A790AF0-B68B-47D4-89ED-5011E1549B7D}.Release|Any CPU.Build.0 = Release|Any CPU
		{6740C2DE-2476-44DF-80E1-171A92197D60}.Debug|Any CPU.ActiveCfg = Debug|Any CPU
		{6740C2DE-2476-44DF-80E1-171A92197D60}.Debug|Any CPU.Build.0 = Debug|Any CPU
		{6740C2DE-2476-44DF-80E1-171A92197D60}.Release|Any CPU.ActiveCfg = Release|Any CPU
		{6740C2DE-2476-44DF-80E1-171A92197D60}.Release|Any CPU.Build.0 = Release|Any CPU
	EndGlobalSection
	GlobalSection(SolutionProperties) = preSolution
		HideSolutionNode = FALSE
	EndGlobalSection
	GlobalSection(ExtensibilityGlobals) = postSolution
		SolutionGuid = {D8FBEC6D-F958-4AFA-876D-AFF4BB451920}
	EndGlobalSection
EndGlobal
